# THIS IS AN AUTOGENERATED FILE. DO NOT EDIT THIS FILE DIRECTLY.
# yarn lockfile v1


"@types/command-exists@^1.2.0":
  version "1.2.0"
  resolved "https://registry.npmjs.org/@types/command-exists/-/command-exists-1.2.0.tgz"

"@types/node@^14.0.13":
  version "14.14.25"
  resolved "https://registry.npmjs.org/@types/node/-/node-14.14.25.tgz"

axios@^0.21.1:
  version "0.21.2"
  resolved "https://registry.npmjs.org/axios/-/axios-0.21.2.tgz"
  dependencies:
    follow-redirects "^1.14.0"

command-exists@^1.2.9:
  version "1.2.9"
  resolved "https://registry.npmjs.org/command-exists/-/command-exists-1.2.9.tgz"

follow-redirects@^1.14.0:
  version "1.15.2"
  resolved "https://registry.yarnpkg.com/follow-redirects/-/follow-redirects-1.15.2.tgz#b460864144ba63f2681096f274c4e57026da2c13"

mkdirp@^1.0.4:
  version "1.0.4"
  resolved "https://registry.npmjs.org/mkdirp/-/mkdirp-1.0.4.tgz"

prettier@^2.0.5:
  version "2.2.1"
  resolved "https://registry.npmjs.org/prettier/-/prettier-2.2.1.tgz"

typescript@^3.9.5:
  version "3.9.7"
  resolved "https://registry.npmjs.org/typescript/-/typescript-3.9.7.tgz"
